
Microsoft Visual Studio Solution File, Format Version 12.00
# Visual Studio 15
VisualStudioVersion = 15.0.28010.2016
MinimumVisualStudioVersion = 10.0.40219.1
Project("{9A19103F-16F7-4668-BE54-9A1E7A4F7556}") = "GymManagement", "GymManagement\GymManagement.csproj", "{B5D2D5C0-89E7-4025-ACB9-8451DFA737B3}"
EndProject
Project("{FAE04EC0-301F-11D3-BF4B-00C04F79EFBC}") = "GymManagement.Domain", "GymManagement.Domain\GymManagement.Domain.csproj", "{666C9E9B-C666-44E1-A76E-74E849E8CA61}"
EndProject
Global
	GlobalSection(SolutionConfigurationPlatforms) = preSolution
		Debug|Any CPU = Debug|Any CPU
		Release|Any CPU = Release|Any CPU
	EndGlobalSection
	GlobalSection(ProjectConfigurationPlatforms) = postSolution
		{B5D2D5C0-89E7-4025-ACB9-8451DFA737B3}.Debug|Any CPU.ActiveCfg = Debug|Any CPU
		{B5D2D5C0-89E7-4025-ACB9-8451DFA737B3}.Debug|Any CPU.Build.0 = Debug|Any CPU
		{B5D2D5C0-89E7-4025-ACB9-8451DFA737B3}.Release|Any CPU.ActiveCfg = Release|Any CPU
		{B5D2D5C0-89E7-4025-ACB9-8451DFA737B3}.Release|Any CPU.Build.0 = Release|Any CPU
		{666C9E9B-C666-44E1-A76E-74E849E8CA61}.Debug|Any CPU.ActiveCfg = Debug|Any CPU
		{666C9E9B-C666-44E1-A76E-74E849E8CA61}.Debug|Any CPU.Build.0 = Debug|Any CPU
		{666C9E9B-C666-44E1-A76E-74E849E8CA61}.Release|Any CPU.ActiveCfg = Release|Any CPU
		{666C9E9B-C666-44E1-A76E-74E849E8CA61}.Release|Any CPU.Build.0 = Release|Any CPU
	EndGlobalSection
	GlobalSection(SolutionProperties) = preSolution
		HideSolutionNode = FALSE
	EndGlobalSection
	GlobalSection(ExtensibilityGlobals) = postSolution
		SolutionGuid = {0B6CFCA0-50D7-401A-AC7F-70B6FCA62148}
	EndGlobalSection
EndGlobal
